// !$*UTF8*$!
{
	archiveVersion = 1;
	classes = {
	};
	objectVersion = 46;
	objects = {

/* Begin PBXBuildFile section */
		A96EB80D1CE77935001B45ED /* QuickStartGame.cpp in Sources */ = {isa = PBXBuildFile; fileRef = A96EB80B1CE77935001B45ED /* QuickStartGame.cpp */; };
		A96EB8171CE79129001B45ED /* Content in Resources */ = {isa = PBXBuildFile; fileRef = A96EB8161CE79129001B45ED /* Content */; };
		A98BE0A11CC21D8D008696A8 /* Assets.xcassets in Resources */ = {isa = PBXBuildFile; fileRef = A98BE0A01CC21D8D008696A8 /* Assets.xcassets */; };
		A98BE0A41CC21D8D008696A8 /* MainMenu.xib in Resources */ = {isa = PBXBuildFile; fileRef = A98BE0A21CC21D8D008696A8 /* MainMenu.xib */; };
		A98BE0BA1CC22511008696A8 /* AppDelegate.mm in Sources */ = {isa = PBXBuildFile; fileRef = A98BE0B91CC22511008696A8 /* AppDelegate.mm */; };
		A98BE0BC1CC2259B008696A8 /* main.mm in Sources */ = {isa = PBXBuildFile; fileRef = A98BE0BB1CC2259B008696A8 /* main.mm */; };
		A98BE0BE1CC22736008696A8 /* Cocoa.framework in Frameworks */ = {isa = PBXBuildFile; fileRef = A98BE0BD1CC22736008696A8 /* Cocoa.framework */; };
		A98BE0C01CC2273C008696A8 /* Metal.framework in Frameworks */ = {isa = PBXBuildFile; fileRef = A98BE0BF1CC2273C008696A8 /* Metal.framework */; };
		A98BE0C21CC22744008696A8 /* MetalKit.framework in Frameworks */ = {isa = PBXBuildFile; fileRef = A98BE0C11CC22744008696A8 /* MetalKit.framework */; };
		A98BE0C41CC22754008696A8 /* ModelIO.framework in Frameworks */ = {isa = PBXBuildFile; fileRef = A98BE0C31CC22754008696A8 /* ModelIO.framework */; };
		A98BE0D11CC22850008696A8 /* Pomdog.framework in Frameworks */ = {isa = PBXBuildFile; fileRef = A98BE0D01CC2282B008696A8 /* Pomdog.framework */; };
		A9C8A5191E04092B0068F062 /* Pomdog.framework in CopyFiles */ = {isa = PBXBuildFile; fileRef = A98BE0D01CC2282B008696A8 /* Pomdog.framework */; settings = {ATTRIBUTES = (CodeSignOnCopy, RemoveHeadersOnCopy, ); }; };
/* End PBXBuildFile section */

/* Begin PBXContainerItemProxy section */
		A9759F1C1E799C590027B889 /* PBXContainerItemProxy */ = {
			isa = PBXContainerItemProxy;
			containerPortal = A98BE0C61CC2282A008696A8 /* pomdog.xcodeproj */;
			proxyType = 1;
			remoteGlobalIDString = 71A79DF0C5C7BA4F7EB13021;
			remoteInfo = "Pomdog Mac (Pomdog.framework)";
		};
		A98BE0CD1CC2282B008696A8 /* PBXContainerItemProxy */ = {
			isa = PBXContainerItemProxy;
			containerPortal = A98BE0C61CC2282A008696A8 /* pomdog.xcodeproj */;
			proxyType = 2;
			remoteGlobalIDString = 9C362E5974D2BDFA88D4823E;
			remoteInfo = "Pomdog Mac (libpomdog.a)";
		};
		A98BE0CF1CC2282B008696A8 /* PBXContainerItemProxy */ = {
			isa = PBXContainerItemProxy;
			containerPortal = A98BE0C61CC2282A008696A8 /* pomdog.xcodeproj */;
			proxyType = 2;
			remoteGlobalIDString = 85BA12FF956A55EF787812A4;
			remoteInfo = "Pomdog Mac (Pomdog.framework)";
		};
/* End PBXContainerItemProxy section */

/* Begin PBXCopyFilesBuildPhase section */
		A9C8A5181E04091D0068F062 /* CopyFiles */ = {
			isa = PBXCopyFilesBuildPhase;
			buildActionMask = 2147483647;
			dstPath = "";
			dstSubfolderSpec = 10;
			files = (
				A9C8A5191E04092B0068F062 /* Pomdog.framework in CopyFiles */,
			);
			runOnlyForDeploymentPostprocessing = 0;
		};
/* End PBXCopyFilesBuildPhase section */

/* Begin PBXFileReference section */
		A96EB80B1CE77935001B45ED /* QuickStartGame.cpp */ = {isa = PBXFileReference; fileEncoding = 4; lastKnownFileType = sourcecode.cpp.cpp; name = QuickStartGame.cpp; path = ../Source/QuickStartGame.cpp; sourceTree = "<group>"; };
		A96EB80C1CE77935001B45ED /* QuickStartGame.hpp */ = {isa = PBXFileReference; fileEncoding = 4; lastKnownFileType = sourcecode.cpp.h; name = QuickStartGame.hpp; path = ../Source/QuickStartGame.hpp; sourceTree = "<group>"; };
		A96EB8161CE79129001B45ED /* Content */ = {isa = PBXFileReference; lastKnownFileType = folder; name = Content; path = ../Content; sourceTree = "<group>"; };
		A98BE0911CC21D8D008696A8 /* QuickStart.app */ = {isa = PBXFileReference; explicitFileType = wrapper.application; includeInIndex = 0; path = QuickStart.app; sourceTree = BUILT_PRODUCTS_DIR; };
		A98BE0A01CC21D8D008696A8 /* Assets.xcassets */ = {isa = PBXFileReference; lastKnownFileType = folder.assetcatalog; name = Assets.xcassets; path = Platform.Cocoa/Assets.xcassets; sourceTree = "<group>"; };
		A98BE0A31CC21D8D008696A8 /* Base */ = {isa = PBXFileReference; lastKnownFileType = file.xib; name = Base; path = Base.lproj/MainMenu.xib; sourceTree = "<group>"; };
		A98BE0A51CC21D8D008696A8 /* Info.plist */ = {isa = PBXFileReference; lastKnownFileType = text.plist.xml; name = Info.plist; path = Platform.Cocoa/Info.plist; sourceTree = "<group>"; };
		A98BE0B81CC22511008696A8 /* AppDelegate.h */ = {isa = PBXFileReference; explicitFileType = sourcecode.c.h; fileEncoding = 4; name = AppDelegate.h; path = Platform.Cocoa/AppDelegate.h; sourceTree = "<group>"; };
		A98BE0B91CC22511008696A8 /* AppDelegate.mm */ = {isa = PBXFileReference; fileEncoding = 4; lastKnownFileType = sourcecode.cpp.objcpp; name = AppDelegate.mm; path = Platform.Cocoa/AppDelegate.mm; sourceTree = "<group>"; };
		A98BE0BB1CC2259B008696A8 /* main.mm */ = {isa = PBXFileReference; fileEncoding = 4; lastKnownFileType = sourcecode.cpp.objcpp; name = main.mm; path = Platform.Cocoa/main.mm; sourceTree = "<group>"; };
		A98BE0BD1CC22736008696A8 /* Cocoa.framework */ = {isa = PBXFileReference; lastKnownFileType = wrapper.framework; name = Cocoa.framework; path = System/Library/Frameworks/Cocoa.framework; sourceTree = SDKROOT; };
		A98BE0BF1CC2273C008696A8 /* Metal.framework */ = {isa = PBXFileReference; lastKnownFileType = wrapper.framework; name = Metal.framework; path = System/Library/Frameworks/Metal.framework; sourceTree = SDKROOT; };
		A98BE0C11CC22744008696A8 /* MetalKit.framework */ = {isa = PBXFileReference; lastKnownFileType = wrapper.framework; name = MetalKit.framework; path = System/Library/Frameworks/MetalKit.framework; sourceTree = SDKROOT; };
		A98BE0C31CC22754008696A8 /* ModelIO.framework */ = {isa = PBXFileReference; lastKnownFileType = wrapper.framework; name = ModelIO.framework; path = System/Library/Frameworks/ModelIO.framework; sourceTree = SDKROOT; };
		A98BE0C61CC2282A008696A8 /* pomdog.xcodeproj */ = {isa = PBXFileReference; lastKnownFileType = "wrapper.pb-project"; name = pomdog.xcodeproj; path = ../../../build/pomdog.xcodeproj; sourceTree = "<group>"; };
/* End PBXFileReference section */

/* Begin PBXFrameworksBuildPhase section */
		A98BE08E1CC21D8D008696A8 /* Frameworks */ = {
			isa = PBXFrameworksBuildPhase;
			buildActionMask = 2147483647;
			files = (
				A98BE0BE1CC22736008696A8 /* Cocoa.framework in Frameworks */,
				A98BE0C01CC2273C008696A8 /* Metal.framework in Frameworks */,
				A98BE0C21CC22744008696A8 /* MetalKit.framework in Frameworks */,
				A98BE0C41CC22754008696A8 /* ModelIO.framework in Frameworks */,
				A98BE0D11CC22850008696A8 /* Pomdog.framework in Frameworks */,
			);
			runOnlyForDeploymentPostprocessing = 0;
		};
/* End PBXFrameworksBuildPhase section */

/* Begin PBXGroup section */
		A96EB8081CE77924001B45ED /* Sources */ = {
			isa = PBXGroup;
			children = (
				A96EB80B1CE77935001B45ED /* QuickStartGame.cpp */,
				A96EB80C1CE77935001B45ED /* QuickStartGame.hpp */,
			);
			name = Sources;
			sourceTree = "<group>";
		};
		A98BE0881CC21D8D008696A8 = {
			isa = PBXGroup;
			children = (
				A98BE0C61CC2282A008696A8 /* pomdog.xcodeproj */,
				A98BE0931CC21D8D008696A8 /* QuickStart */,
				A96EB8081CE77924001B45ED /* Sources */,
				A96EB8161CE79129001B45ED /* Content */,
				A98BE0C51CC2275E008696A8 /* Frameworks */,
				A98BE0921CC21D8D008696A8 /* Products */,
			);
			sourceTree = "<group>";
		};
		A98BE0921CC21D8D008696A8 /* Products */ = {
			isa = PBXGroup;
			children = (
				A98BE0911CC21D8D008696A8 /* QuickStart.app */,
			);
			name = Products;
			sourceTree = "<group>";
		};
		A98BE0931CC21D8D008696A8 /* QuickStart */ = {
			isa = PBXGroup;
			children = (
				A98BE0B81CC22511008696A8 /* AppDelegate.h */,
				A98BE0B91CC22511008696A8 /* AppDelegate.mm */,
				A98BE0A01CC21D8D008696A8 /* Assets.xcassets */,
				A98BE0A21CC21D8D008696A8 /* MainMenu.xib */,
				A98BE0A51CC21D8D008696A8 /* Info.plist */,
				A98BE0971CC21D8D008696A8 /* Supporting Files */,
			);
			name = QuickStart;
			path = ..;
			sourceTree = "<group>";
		};
		A98BE0971CC21D8D008696A8 /* Supporting Files */ = {
			isa = PBXGroup;
			children = (
				A98BE0BB1CC2259B008696A8 /* main.mm */,
			);
			name = "Supporting Files";
			sourceTree = "<group>";
		};
		A98BE0C51CC2275E008696A8 /* Frameworks */ = {
			isa = PBXGroup;
			children = (
				A98BE0BD1CC22736008696A8 /* Cocoa.framework */,
				A98BE0BF1CC2273C008696A8 /* Metal.framework */,
				A98BE0C11CC22744008696A8 /* MetalKit.framework */,
				A98BE0C31CC22754008696A8 /* ModelIO.framework */,
			);
			name = Frameworks;
			sourceTree = "<group>";
		};
		A98BE0C71CC2282A008696A8 /* Products */ = {
			isa = PBXGroup;
			children = (
				A98BE0CE1CC2282B008696A8 /* libpomdog.a */,
				A98BE0D01CC2282B008696A8 /* Pomdog.framework */,
			);
			name = Products;
			sourceTree = "<group>";
		};
/* End PBXGroup section */

/* Begin PBXNativeTarget section */
		A98BE0901CC21D8D008696A8 /* QuickStart */ = {
			isa = PBXNativeTarget;
			buildConfigurationList = A98BE0A81CC21D8D008696A8 /* Build configuration list for PBXNativeTarget "QuickStart" */;
			buildPhases = (
				A98BE08D1CC21D8D008696A8 /* Sources */,
				A98BE08E1CC21D8D008696A8 /* Frameworks */,
				A98BE08F1CC21D8D008696A8 /* Resources */,
				A9C8A5181E04091D0068F062 /* CopyFiles */,
			);
			buildRules = (
			);
			dependencies = (
				A9759F1D1E799C590027B889 /* PBXTargetDependency */,
			);
			name = QuickStart;
			productName = QuickStart;
			productReference = A98BE0911CC21D8D008696A8 /* QuickStart.app */;
			productType = "com.apple.product-type.application";
		};
/* End PBXNativeTarget section */

/* Begin PBXProject section */
		A98BE0891CC21D8D008696A8 /* Project object */ = {
			isa = PBXProject;
			attributes = {
				LastUpgradeCheck = 0920;
				ORGANIZATIONNAME = mogemimi;
				TargetAttributes = {
					A98BE0901CC21D8D008696A8 = {
						CreatedOnToolsVersion = 7.3;
					};
				};
			};
			buildConfigurationList = A98BE08C1CC21D8D008696A8 /* Build configuration list for PBXProject "QuickStart" */;
			compatibilityVersion = "Xcode 3.2";
			developmentRegion = English;
			hasScannedForEncodings = 0;
			knownRegions = (
				en,
				Base,
			);
			mainGroup = A98BE0881CC21D8D008696A8;
			productRefGroup = A98BE0921CC21D8D008696A8 /* Products */;
			projectDirPath = "";
			projectReferences = (
				{
					ProductGroup = A98BE0C71CC2282A008696A8 /* Products */;
					ProjectRef = A98BE0C61CC2282A008696A8 /* pomdog.xcodeproj */;
				},
			);
			projectRoot = "";
			targets = (
				A98BE0901CC21D8D008696A8 /* QuickStart */,
			);
		};
/* End PBXProject section */

/* Begin PBXReferenceProxy section */
		A98BE0CE1CC2282B008696A8 /* libpomdog.a */ = {
			isa = PBXReferenceProxy;
			fileType = archive.ar;
			path = libpomdog.a;
			remoteRef = A98BE0CD1CC2282B008696A8 /* PBXContainerItemProxy */;
			sourceTree = BUILT_PRODUCTS_DIR;
		};
		A98BE0D01CC2282B008696A8 /* Pomdog.framework */ = {
			isa = PBXReferenceProxy;
			fileType = wrapper.framework;
			path = Pomdog.framework;
			remoteRef = A98BE0CF1CC2282B008696A8 /* PBXContainerItemProxy */;
			sourceTree = BUILT_PRODUCTS_DIR;
		};
/* End PBXReferenceProxy section */

/* Begin PBXResourcesBuildPhase section */
		A98BE08F1CC21D8D008696A8 /* Resources */ = {
			isa = PBXResourcesBuildPhase;
			buildActionMask = 2147483647;
			files = (
				A96EB8171CE79129001B45ED /* Content in Resources */,
				A98BE0A11CC21D8D008696A8 /* Assets.xcassets in Resources */,
				A98BE0A41CC21D8D008696A8 /* MainMenu.xib in Resources */,
			);
			runOnlyForDeploymentPostprocessing = 0;
		};
/* End PBXResourcesBuildPhase section */

/* Begin PBXSourcesBuildPhase section */
		A98BE08D1CC21D8D008696A8 /* Sources */ = {
			isa = PBXSourcesBuildPhase;
			buildActionMask = 2147483647;
			files = (
				A96EB80D1CE77935001B45ED /* QuickStartGame.cpp in Sources */,
				A98BE0BC1CC2259B008696A8 /* main.mm in Sources */,
				A98BE0BA1CC22511008696A8 /* AppDelegate.mm in Sources */,
			);
			runOnlyForDeploymentPostprocessing = 0;
		};
/* End PBXSourcesBuildPhase section */

/* Begin PBXTargetDependency section */
		A9759F1D1E799C590027B889 /* PBXTargetDependency */ = {
			isa = PBXTargetDependency;
			name = "Pomdog Mac (Pomdog.framework)";
			targetProxy = A9759F1C1E799C590027B889 /* PBXContainerItemProxy */;
		};
/* End PBXTargetDependency section */

/* Begin PBXVariantGroup section */
		A98BE0A21CC21D8D008696A8 /* MainMenu.xib */ = {
			isa = PBXVariantGroup;
			children = (
				A98BE0A31CC21D8D008696A8 /* Base */,
			);
			name = MainMenu.xib;
			path = Platform.Cocoa;
			sourceTree = "<group>";
		};
/* End PBXVariantGroup section */

/* Begin XCBuildConfiguration section */
		A98BE0A61CC21D8D008696A8 /* Debug */ = {
			isa = XCBuildConfiguration;
			buildSettings = {
				ALWAYS_SEARCH_USER_PATHS = NO;
				CLANG_ANALYZER_NONNULL = YES;
				CLANG_CXX_LANGUAGE_STANDARD = "c++17";
				CLANG_CXX_LIBRARY = "libc++";
				CLANG_ENABLE_MODULES = YES;
				CLANG_ENABLE_OBJC_ARC = YES;
				CLANG_WARN_BLOCK_CAPTURE_AUTORELEASING = YES;
				CLANG_WARN_BOOL_CONVERSION = YES;
				CLANG_WARN_COMMA = YES;
				CLANG_WARN_CONSTANT_CONVERSION = YES;
				CLANG_WARN_DIRECT_OBJC_ISA_USAGE = YES_ERROR;
				CLANG_WARN_EMPTY_BODY = YES;
				CLANG_WARN_ENUM_CONVERSION = YES;
				CLANG_WARN_INFINITE_RECURSION = YES;
				CLANG_WARN_INT_CONVERSION = YES;
				CLANG_WARN_NON_LITERAL_NULL_CONVERSION = YES;
				CLANG_WARN_OBJC_LITERAL_CONVERSION = YES;
				CLANG_WARN_OBJC_ROOT_CLASS = YES_ERROR;
				CLANG_WARN_RANGE_LOOP_ANALYSIS = YES;
				CLANG_WARN_STRICT_PROTOTYPES = YES;
				CLANG_WARN_SUSPICIOUS_MOVE = YES;
				CLANG_WARN_UNREACHABLE_CODE = YES;
				CLANG_WARN__DUPLICATE_METHOD_MATCH = YES;
				CODE_SIGN_IDENTITY = "-";
				COPY_PHASE_STRIP = NO;
				DEBUG_INFORMATION_FORMAT = "dwarf-with-dsym";
				ENABLE_STRICT_OBJC_MSGSEND = YES;
				ENABLE_TESTABILITY = YES;
				GCC_C_LANGUAGE_STANDARD = c11;
				GCC_DYNAMIC_NO_PIC = NO;
				GCC_NO_COMMON_BLOCKS = YES;
				GCC_OPTIMIZATION_LEVEL = 0;
				GCC_PREPROCESSOR_DEFINITIONS = (
					"DEBUG=1",
					"$(inherited)",
				);
				GCC_WARN_64_TO_32_BIT_CONVERSION = YES;
				GCC_WARN_ABOUT_RETURN_TYPE = YES_ERROR;
				GCC_WARN_UNDECLARED_SELECTOR = YES;
				GCC_WARN_UNINITIALIZED_AUTOS = YES_AGGRESSIVE;
				GCC_WARN_UNUSED_FUNCTION = YES;
				GCC_WARN_UNUSED_VARIABLE = YES;
				HEADER_SEARCH_PATHS = ../../../include;
				MACOSX_DEPLOYMENT_TARGET = 10.11;
				MTL_ENABLE_DEBUG_INFO = YES;
				ONLY_ACTIVE_ARCH = YES;
				SDKROOT = macosx;
			};
			name = Debug;
		};
		A98BE0A71CC21D8D008696A8 /* Release */ = {
			isa = XCBuildConfiguration;
			buildSettings = {
				ALWAYS_SEARCH_USER_PATHS = NO;
				CLANG_ANALYZER_NONNULL = YES;
				CLANG_CXX_LANGUAGE_STANDARD = "c++17";
				CLANG_CXX_LIBRARY = "libc++";
				CLANG_ENABLE_MODULES = YES;
				CLANG_ENABLE_OBJC_ARC = YES;
				CLANG_WARN_BLOCK_CAPTURE_AUTORELEASING = YES;
				CLANG_WARN_BOOL_CONVERSION = YES;
				CLANG_WARN_COMMA = YES;
				CLANG_WARN_CONSTANT_CONVERSION = YES;
				CLANG_WARN_DIRECT_OBJC_ISA_USAGE = YES_ERROR;
				CLANG_WARN_EMPTY_BODY = YES;
				CLANG_WARN_ENUM_CONVERSION = YES;
				CLANG_WARN_INFINITE_RECURSION = YES;
				CLANG_WARN_INT_CONVERSION = YES;
				CLANG_WARN_NON_LITERAL_NULL_CONVERSION = YES;
				CLANG_WARN_OBJC_LITERAL_CONVERSION = YES;
				CLANG_WARN_OBJC_ROOT_CLASS = YES_ERROR;
				CLANG_WARN_RANGE_LOOP_ANALYSIS = YES;
				CLANG_WARN_STRICT_PROTOTYPES = YES;
				CLANG_WARN_SUSPICIOUS_MOVE = YES;
				CLANG_WARN_UNREACHABLE_CODE = YES;
				CLANG_WARN__DUPLICATE_METHOD_MATCH = YES;
				CODE_SIGN_IDENTITY = "-";
				COPY_PHASE_STRIP = NO;
				DEBUG_INFORMATION_FORMAT = "dwarf-with-dsym";
				ENABLE_NS_ASSERTIONS = NO;
				ENABLE_STRICT_OBJC_MSGSEND = YES;
				GCC_C_LANGUAGE_STANDARD = c11;
				GCC_NO_COMMON_BLOCKS = YES;
				GCC_WARN_64_TO_32_BIT_CONVERSION = YES;
				GCC_WARN_ABOUT_RETURN_TYPE = YES_ERROR;
				GCC_WARN_UNDECLARED_SELECTOR = YES;
				GCC_WARN_UNINITIALIZED_AUTOS = YES_AGGRESSIVE;
				GCC_WARN_UNUSED_FUNCTION = YES;
				GCC_WARN_UNUSED_VARIABLE = YES;
				HEADER_SEARCH_PATHS = ../../../include;
				MACOSX_DEPLOYMENT_TARGET = 10.11;
				MTL_ENABLE_DEBUG_INFO = NO;
				SDKROOT = macosx;
			};
			name = Release;
		};
		A98BE0A91CC21D8D008696A8 /* Debug */ = {
			isa = XCBuildConfiguration;
			buildSettings = {
				ASSETCATALOG_COMPILER_APPICON_NAME = AppIcon;
				COMBINE_HIDPI_IMAGES = YES;
				GCC_PREPROCESSOR_DEFINITIONS = (
					"POMDOG_USING_LIBRARY_EXPORTS=1",
					"$(inherited)",
				);
				INFOPLIST_FILE = ../Platform.Cocoa/Info.plist;
				LD_RUNPATH_SEARCH_PATHS = "$(inherited) @executable_path/../Frameworks";
				PRODUCT_BUNDLE_IDENTIFIER = net.enginetrouble.QuickStart;
				PRODUCT_NAME = "$(TARGET_NAME)";
			};
			name = Debug;
		};
		A98BE0AA1CC21D8D008696A8 /* Release */ = {
			isa = XCBuildConfiguration;
			buildSettings = {
				ASSETCATALOG_COMPILER_APPICON_NAME = AppIcon;
				COMBINE_HIDPI_IMAGES = YES;
				GCC_PREPROCESSOR_DEFINITIONS = (
					"POMDOG_USING_LIBRARY_EXPORTS=1",
					"$(inherited)",
				);
				INFOPLIST_FILE = ../Platform.Cocoa/Info.plist;
				LD_RUNPATH_SEARCH_PATHS = "$(inherited) @executable_path/../Frameworks";
				PRODUCT_BUNDLE_IDENTIFIER = net.enginetrouble.QuickStart;
				PRODUCT_NAME = "$(TARGET_NAME)";
			};
			name = Release;
		};
/* End XCBuildConfiguration section */

/* Begin XCConfigurationList section */
		A98BE08C1CC21D8D008696A8 /* Build configuration list for PBXProject "QuickStart" */ = {
			isa = XCConfigurationList;
			buildConfigurations = (
				A98BE0A61CC21D8D008696A8 /* Debug */,
				A98BE0A71CC21D8D008696A8 /* Release */,
			);
			defaultConfigurationIsVisible = 0;
			defaultConfigurationName = Release;
		};
		A98BE0A81CC21D8D008696A8 /* Build configuration list for PBXNativeTarget "QuickStart" */ = {
			isa = XCConfigurationList;
			buildConfigurations = (
				A98BE0A91CC21D8D008696A8 /* Debug */,
				A98BE0AA1CC21D8D008696A8 /* Release */,
			);
			defaultConfigurationIsVisible = 0;
			defaultConfigurationName = Release;
		};
/* End XCConfigurationList section */
	};
	rootObject = A98BE0891CC21D8D008696A8 /* Project object */;
}
